
Microsoft Visual Studio Solution File, Format Version 12.00
# Visual Studio Version 17
VisualStudioVersion = 17.13.35825.156
MinimumVisualStudioVersion = 10.0.40219.1
Project("{FAE04EC0-301F-11D3-BF4B-00C04F79EFBC}") = "SisFisio", "SisFisio\SisFisio.csproj", "{B1560E76-8615-41DE-9FE9-9A0466B1341D}"
EndProject
Global
	GlobalSection(SolutionConfigurationPlatforms) = preSolution
		Debug|Any CPU = Debug|Any CPU
		Release|Any CPU = Release|Any CPU
	EndGlobalSection
	GlobalSection(ProjectConfigurationPlatforms) = postSolution
		{B1560E76-8615-41DE-9FE9-9A0466B1341D}.Debug|Any CPU.ActiveCfg = Debug|Any CPU
		{B1560E76-8615-41DE-9FE9-9A0466B1341D}.Debug|Any CPU.Build.0 = Debug|Any CPU
		{B1560E76-8615-41DE-9FE9-9A0466B1341D}.Release|Any CPU.ActiveCfg = Release|Any CPU
		{B1560E76-8615-41DE-9FE9-9A0466B1341D}.Release|Any CPU.Build.0 = Release|Any CPU
	EndGlobalSection
	GlobalSection(SolutionProperties) = preSolution
		HideSolutionNode = FALSE
	EndGlobalSection
	GlobalSection(ExtensibilityGlobals) = postSolution
		SolutionGuid = {02D4A5A8-ECA5-434B-A3F2-1A353EE1D8A7}
	EndGlobalSection
EndGlobal
